// !$*UTF8*$!
{
	archiveVersion = 1;
	classes = {
	};
	objectVersion = 46;
	objects = {

/* Begin PBXBuildFile section */
		7322D2431B1FDE3100D2228E /* Parser.swift in Sources */ = {isa = PBXBuildFile; fileRef = 7322D2421B1FDE3100D2228E /* Parser.swift */; };
		7322D2451B1FDE4A00D2228E /* Element.swift in Sources */ = {isa = PBXBuildFile; fileRef = 7322D2441B1FDE4A00D2228E /* Element.swift */; };
		7322D2471B1FDEAC00D2228E /* Env.swift in Sources */ = {isa = PBXBuildFile; fileRef = 7322D2461B1FDEAC00D2228E /* Env.swift */; };
		736424101B0588BB002311A5 /* AppDelegate.swift in Sources */ = {isa = PBXBuildFile; fileRef = 7364240F1B0588BB002311A5 /* AppDelegate.swift */; };
		736424121B0588BB002311A5 /* ViewController.swift in Sources */ = {isa = PBXBuildFile; fileRef = 736424111B0588BB002311A5 /* ViewController.swift */; };
		736424141B0588BB002311A5 /* Images.xcassets in Resources */ = {isa = PBXBuildFile; fileRef = 736424131B0588BB002311A5 /* Images.xcassets */; };
		736424171B0588BB002311A5 /* Main.storyboard in Resources */ = {isa = PBXBuildFile; fileRef = 736424151B0588BB002311A5 /* Main.storyboard */; };
		736424231B0588BC002311A5 /* swiftschemeTests.swift in Sources */ = {isa = PBXBuildFile; fileRef = 736424221B0588BB002311A5 /* swiftschemeTests.swift */; };
		7364242D1B0588D9002311A5 /* slispTests.swift in Sources */ = {isa = PBXBuildFile; fileRef = 7364242C1B0588D9002311A5 /* slispTests.swift */; };
		7364242F1B0588F4002311A5 /* Eval.swift in Sources */ = {isa = PBXBuildFile; fileRef = 7364242E1B0588F4002311A5 /* Eval.swift */; };
/* End PBXBuildFile section */

/* Begin PBXContainerItemProxy section */
		7364241D1B0588BB002311A5 /* PBXContainerItemProxy */ = {
			isa = PBXContainerItemProxy;
			containerPortal = 736424021B0588BB002311A5 /* Project object */;
			proxyType = 1;
			remoteGlobalIDString = 736424091B0588BB002311A5;
			remoteInfo = swiftscheme;
		};
/* End PBXContainerItemProxy section */

/* Begin PBXFileReference section */
		7322D2421B1FDE3100D2228E /* Parser.swift */ = {isa = PBXFileReference; fileEncoding = 4; lastKnownFileType = sourcecode.swift; path = Parser.swift; sourceTree = "<group>"; };
		7322D2441B1FDE4A00D2228E /* Element.swift */ = {isa = PBXFileReference; fileEncoding = 4; lastKnownFileType = sourcecode.swift; path = Element.swift; sourceTree = "<group>"; };
		7322D2461B1FDEAC00D2228E /* Env.swift */ = {isa = PBXFileReference; fileEncoding = 4; lastKnownFileType = sourcecode.swift; path = Env.swift; sourceTree = "<group>"; };
		7364240A1B0588BB002311A5 /* swiftscheme.app */ = {isa = PBXFileReference; explicitFileType = wrapper.application; includeInIndex = 0; path = swiftscheme.app; sourceTree = BUILT_PRODUCTS_DIR; };
		7364240E1B0588BB002311A5 /* Info.plist */ = {isa = PBXFileReference; lastKnownFileType = text.plist.xml; path = Info.plist; sourceTree = "<group>"; };
		7364240F1B0588BB002311A5 /* AppDelegate.swift */ = {isa = PBXFileReference; lastKnownFileType = sourcecode.swift; path = AppDelegate.swift; sourceTree = "<group>"; };
		736424111B0588BB002311A5 /* ViewController.swift */ = {isa = PBXFileReference; lastKnownFileType = sourcecode.swift; path = ViewController.swift; sourceTree = "<group>"; };
		736424131B0588BB002311A5 /* Images.xcassets */ = {isa = PBXFileReference; lastKnownFileType = folder.assetcatalog; path = Images.xcassets; sourceTree = "<group>"; };
		736424161B0588BB002311A5 /* Base */ = {isa = PBXFileReference; lastKnownFileType = file.storyboard; name = Base; path = Base.lproj/Main.storyboard; sourceTree = "<group>"; };
		7364241C1B0588BB002311A5 /* swiftschemeTests.xctest */ = {isa = PBXFileReference; explicitFileType = wrapper.cfbundle; includeInIndex = 0; path = swiftschemeTests.xctest; sourceTree = BUILT_PRODUCTS_DIR; };
		736424211B0588BB002311A5 /* Info.plist */ = {isa = PBXFileReference; lastKnownFileType = text.plist.xml; path = Info.plist; sourceTree = "<group>"; };
		736424221B0588BB002311A5 /* swiftschemeTests.swift */ = {isa = PBXFileReference; lastKnownFileType = sourcecode.swift; path = swiftschemeTests.swift; sourceTree = "<group>"; };
		7364242C1B0588D9002311A5 /* slispTests.swift */ = {isa = PBXFileReference; fileEncoding = 4; lastKnownFileType = sourcecode.swift; path = slispTests.swift; sourceTree = "<group>"; };
		7364242E1B0588F4002311A5 /* Eval.swift */ = {isa = PBXFileReference; fileEncoding = 4; lastKnownFileType = sourcecode.swift; path = Eval.swift; sourceTree = "<group>"; };
/* End PBXFileReference section */

/* Begin PBXFrameworksBuildPhase section */
		736424071B0588BB002311A5 /* Frameworks */ = {
			isa = PBXFrameworksBuildPhase;
			buildActionMask = 2147483647;
			files = (
			);
			runOnlyForDeploymentPostprocessing = 0;
		};
		736424191B0588BB002311A5 /* Frameworks */ = {
			isa = PBXFrameworksBuildPhase;
			buildActionMask = 2147483647;
			files = (
			);
			runOnlyForDeploymentPostprocessing = 0;
		};
/* End PBXFrameworksBuildPhase section */

/* Begin PBXGroup section */
		736424011B0588BB002311A5 = {
			isa = PBXGroup;
			children = (
				7364240C1B0588BB002311A5 /* swiftscheme */,
				7364241F1B0588BB002311A5 /* swiftschemeTests */,
				7364240B1B0588BB002311A5 /* Products */,
			);
			sourceTree = "<group>";
		};
		7364240B1B0588BB002311A5 /* Products */ = {
			isa = PBXGroup;
			children = (
				7364240A1B0588BB002311A5 /* swiftscheme.app */,
				7364241C1B0588BB002311A5 /* swiftschemeTests.xctest */,
			);
			name = Products;
			sourceTree = "<group>";
		};
		7364240C1B0588BB002311A5 /* swiftscheme */ = {
			isa = PBXGroup;
			children = (
				7322D2421B1FDE3100D2228E /* Parser.swift */,
				7322D2441B1FDE4A00D2228E /* Element.swift */,
				7364242E1B0588F4002311A5 /* Eval.swift */,
				7322D2461B1FDEAC00D2228E /* Env.swift */,
				7364240F1B0588BB002311A5 /* AppDelegate.swift */,
				736424111B0588BB002311A5 /* ViewController.swift */,
				736424131B0588BB002311A5 /* Images.xcassets */,
				736424151B0588BB002311A5 /* Main.storyboard */,
				7364240D1B0588BB002311A5 /* Supporting Files */,
			);
			path = swiftscheme;
			sourceTree = "<group>";
		};
		7364240D1B0588BB002311A5 /* Supporting Files */ = {
			isa = PBXGroup;
			children = (
				7364240E1B0588BB002311A5 /* Info.plist */,
			);
			name = "Supporting Files";
			sourceTree = "<group>";
		};
		7364241F1B0588BB002311A5 /* swiftschemeTests */ = {
			isa = PBXGroup;
			children = (
				7364242C1B0588D9002311A5 /* slispTests.swift */,
				736424221B0588BB002311A5 /* swiftschemeTests.swift */,
				736424201B0588BB002311A5 /* Supporting Files */,
			);
			path = swiftschemeTests;
			sourceTree = "<group>";
		};
		736424201B0588BB002311A5 /* Supporting Files */ = {
			isa = PBXGroup;
			children = (
				736424211B0588BB002311A5 /* Info.plist */,
			);
			name = "Supporting Files";
			sourceTree = "<group>";
		};
/* End PBXGroup section */

/* Begin PBXNativeTarget section */
		736424091B0588BB002311A5 /* swiftscheme */ = {
			isa = PBXNativeTarget;
			buildConfigurationList = 736424261B0588BC002311A5 /* Build configuration list for PBXNativeTarget "swiftscheme" */;
			buildPhases = (
				736424061B0588BB002311A5 /* Sources */,
				736424071B0588BB002311A5 /* Frameworks */,
				736424081B0588BB002311A5 /* Resources */,
			);
			buildRules = (
			);
			dependencies = (
			);
			name = swiftscheme;
			productName = swiftscheme;
			productReference = 7364240A1B0588BB002311A5 /* swiftscheme.app */;
			productType = "com.apple.product-type.application";
		};
		7364241B1B0588BB002311A5 /* swiftschemeTests */ = {
			isa = PBXNativeTarget;
			buildConfigurationList = 736424291B0588BC002311A5 /* Build configuration list for PBXNativeTarget "swiftschemeTests" */;
			buildPhases = (
				736424181B0588BB002311A5 /* Sources */,
				736424191B0588BB002311A5 /* Frameworks */,
				7364241A1B0588BB002311A5 /* Resources */,
			);
			buildRules = (
			);
			dependencies = (
				7364241E1B0588BB002311A5 /* PBXTargetDependency */,
			);
			name = swiftschemeTests;
			productName = swiftschemeTests;
			productReference = 7364241C1B0588BB002311A5 /* swiftschemeTests.xctest */;
			productType = "com.apple.product-type.bundle.unit-test";
		};
/* End PBXNativeTarget section */

/* Begin PBXProject section */
		736424021B0588BB002311A5 /* Project object */ = {
			isa = PBXProject;
			attributes = {
				LastUpgradeCheck = 0630;
				ORGANIZATIONNAME = "Sean Levin";
				TargetAttributes = {
					736424091B0588BB002311A5 = {
						CreatedOnToolsVersion = 6.3.1;
					};
					7364241B1B0588BB002311A5 = {
						CreatedOnToolsVersion = 6.3.1;
						TestTargetID = 736424091B0588BB002311A5;
					};
				};
			};
			buildConfigurationList = 736424051B0588BB002311A5 /* Build configuration list for PBXProject "swiftscheme" */;
			compatibilityVersion = "Xcode 3.2";
			developmentRegion = English;
			hasScannedForEncodings = 0;
			knownRegions = (
				en,
				Base,
			);
			mainGroup = 736424011B0588BB002311A5;
			productRefGroup = 7364240B1B0588BB002311A5 /* Products */;
			projectDirPath = "";
			projectRoot = "";
			targets = (
				736424091B0588BB002311A5 /* swiftscheme */,
				7364241B1B0588BB002311A5 /* swiftschemeTests */,
			);
		};
/* End PBXProject section */

/* Begin PBXResourcesBuildPhase section */
		736424081B0588BB002311A5 /* Resources */ = {
			isa = PBXResourcesBuildPhase;
			buildActionMask = 2147483647;
			files = (
				736424141B0588BB002311A5 /* Images.xcassets in Resources */,
				736424171B0588BB002311A5 /* Main.storyboard in Resources */,
			);
			runOnlyForDeploymentPostprocessing = 0;
		};
		7364241A1B0588BB002311A5 /* Resources */ = {
			isa = PBXResourcesBuildPhase;
			buildActionMask = 2147483647;
			files = (
			);
			runOnlyForDeploymentPostprocessing = 0;
		};
/* End PBXResourcesBuildPhase section */

/* Begin PBXSourcesBuildPhase section */
		736424061B0588BB002311A5 /* Sources */ = {
			isa = PBXSourcesBuildPhase;
			buildActionMask = 2147483647;
			files = (
				7322D2431B1FDE3100D2228E /* Parser.swift in Sources */,
				736424121B0588BB002311A5 /* ViewController.swift in Sources */,
				7364242F1B0588F4002311A5 /* Eval.swift in Sources */,
				7322D2471B1FDEAC00D2228E /* Env.swift in Sources */,
				736424101B0588BB002311A5 /* AppDelegate.swift in Sources */,
				7322D2451B1FDE4A00D2228E /* Element.swift in Sources */,
			);
			runOnlyForDeploymentPostprocessing = 0;
		};
		736424181B0588BB002311A5 /* Sources */ = {
			isa = PBXSourcesBuildPhase;
			buildActionMask = 2147483647;
			files = (
				736424231B0588BC002311A5 /* swiftschemeTests.swift in Sources */,
				7364242D1B0588D9002311A5 /* slispTests.swift in Sources */,
			);
			runOnlyForDeploymentPostprocessing = 0;
		};
/* End PBXSourcesBuildPhase section */

/* Begin PBXTargetDependency section */
		7364241E1B0588BB002311A5 /* PBXTargetDependency */ = {
			isa = PBXTargetDependency;
			target = 736424091B0588BB002311A5 /* swiftscheme */;
			targetProxy = 7364241D1B0588BB002311A5 /* PBXContainerItemProxy */;
		};
/* End PBXTargetDependency section */

/* Begin PBXVariantGroup section */
		736424151B0588BB002311A5 /* Main.storyboard */ = {
			isa = PBXVariantGroup;
			children = (
				736424161B0588BB002311A5 /* Base */,
			);
			name = Main.storyboard;
			sourceTree = "<group>";
		};
/* End PBXVariantGroup section */

/* Begin XCBuildConfiguration section */
		736424241B0588BC002311A5 /* Debug */ = {
			isa = XCBuildConfiguration;
			buildSettings = {
				ALWAYS_SEARCH_USER_PATHS = NO;
				CLANG_CXX_LANGUAGE_STANDARD = "gnu++0x";
				CLANG_CXX_LIBRARY = "libc++";
				CLANG_ENABLE_MODULES = YES;
				CLANG_ENABLE_OBJC_ARC = YES;
				CLANG_WARN_BOOL_CONVERSION = YES;
				CLANG_WARN_CONSTANT_CONVERSION = YES;
				CLANG_WARN_DIRECT_OBJC_ISA_USAGE = YES_ERROR;
				CLANG_WARN_EMPTY_BODY = YES;
				CLANG_WARN_ENUM_CONVERSION = YES;
				CLANG_WARN_INT_CONVERSION = YES;
				CLANG_WARN_OBJC_ROOT_CLASS = YES_ERROR;
				CLANG_WARN_UNREACHABLE_CODE = YES;
				CLANG_WARN__DUPLICATE_METHOD_MATCH = YES;
				CODE_SIGN_IDENTITY = "-";
				COPY_PHASE_STRIP = NO;
				DEBUG_INFORMATION_FORMAT = dwarf;
				ENABLE_STRICT_OBJC_MSGSEND = YES;
				GCC_C_LANGUAGE_STANDARD = gnu99;
				GCC_DYNAMIC_NO_PIC = NO;
				GCC_NO_COMMON_BLOCKS = YES;
				GCC_OPTIMIZATION_LEVEL = 0;
				GCC_PREPROCESSOR_DEFINITIONS = (
					"DEBUG=1",
					"$(inherited)",
				);
				GCC_SYMBOLS_PRIVATE_EXTERN = NO;
				GCC_WARN_64_TO_32_BIT_CONVERSION = YES;
				GCC_WARN_ABOUT_RETURN_TYPE = YES_ERROR;
				GCC_WARN_UNDECLARED_SELECTOR = YES;
				GCC_WARN_UNINITIALIZED_AUTOS = YES_AGGRESSIVE;
				GCC_WARN_UNUSED_FUNCTION = YES;
				GCC_WARN_UNUSED_VARIABLE = YES;
				MACOSX_DEPLOYMENT_TARGET = 10.10;
				MTL_ENABLE_DEBUG_INFO = YES;
				ONLY_ACTIVE_ARCH = YES;
				SDKROOT = macosx;
				SWIFT_OPTIMIZATION_LEVEL = "-Onone";
			};
			name = Debug;
		};
		736424251B0588BC002311A5 /* Release */ = {
			isa = XCBuildConfiguration;
			buildSettings = {
				ALWAYS_SEARCH_USER_PATHS = NO;
				CLANG_CXX_LANGUAGE_STANDARD = "gnu++0x";
				CLANG_CXX_LIBRARY = "libc++";
				CLANG_ENABLE_MODULES = YES;
				CLANG_ENABLE_OBJC_ARC = YES;
				CLANG_WARN_BOOL_CONVERSION = YES;
				CLANG_WARN_CONSTANT_CONVERSION = YES;
				CLANG_WARN_DIRECT_OBJC_ISA_USAGE = YES_ERROR;
				CLANG_WARN_EMPTY_BODY = YES;
				CLANG_WARN_ENUM_CONVERSION = YES;
				CLANG_WARN_INT_CONVERSION = YES;
				CLANG_WARN_OBJC_ROOT_CLASS = YES_ERROR;
				CLANG_WARN_UNREACHABLE_CODE = YES;
				CLANG_WARN__DUPLICATE_METHOD_MATCH = YES;
				CODE_SIGN_IDENTITY = "-";
				COPY_PHASE_STRIP = NO;
				DEBUG_INFORMATION_FORMAT = "dwarf-with-dsym";
				ENABLE_NS_ASSERTIONS = NO;
				ENABLE_STRICT_OBJC_MSGSEND = YES;
				GCC_C_LANGUAGE_STANDARD = gnu99;
				GCC_NO_COMMON_BLOCKS = YES;
				GCC_WARN_64_TO_32_BIT_CONVERSION = YES;
				GCC_WARN_ABOUT_RETURN_TYPE = YES_ERROR;
				GCC_WARN_UNDECLARED_SELECTOR = YES;
				GCC_WARN_UNINITIALIZED_AUTOS = YES_AGGRESSIVE;
				GCC_WARN_UNUSED_FUNCTION = YES;
				GCC_WARN_UNUSED_VARIABLE = YES;
				MACOSX_DEPLOYMENT_TARGET = 10.10;
				MTL_ENABLE_DEBUG_INFO = NO;
				SDKROOT = macosx;
			};
			name = Release;
		};
		736424271B0588BC002311A5 /* Debug */ = {
			isa = XCBuildConfiguration;
			buildSettings = {
				ASSETCATALOG_COMPILER_APPICON_NAME = AppIcon;
				COMBINE_HIDPI_IMAGES = YES;
				INFOPLIST_FILE = swiftscheme/Info.plist;
				LD_RUNPATH_SEARCH_PATHS = "$(inherited) @executable_path/../Frameworks";
				PRODUCT_NAME = "$(TARGET_NAME)";
			};
			name = Debug;
		};
		736424281B0588BC002311A5 /* Release */ = {
			isa = XCBuildConfiguration;
			buildSettings = {
				ASSETCATALOG_COMPILER_APPICON_NAME = AppIcon;
				COMBINE_HIDPI_IMAGES = YES;
				INFOPLIST_FILE = swiftscheme/Info.plist;
				LD_RUNPATH_SEARCH_PATHS = "$(inherited) @executable_path/../Frameworks";
				PRODUCT_NAME = "$(TARGET_NAME)";
			};
			name = Release;
		};
		7364242A1B0588BC002311A5 /* Debug */ = {
			isa = XCBuildConfiguration;
			buildSettings = {
				BUNDLE_LOADER = "$(TEST_HOST)";
				COMBINE_HIDPI_IMAGES = YES;
				FRAMEWORK_SEARCH_PATHS = (
					"$(DEVELOPER_FRAMEWORKS_DIR)",
					"$(inherited)",
				);
				GCC_PREPROCESSOR_DEFINITIONS = (
					"DEBUG=1",
					"$(inherited)",
				);
				INFOPLIST_FILE = swiftschemeTests/Info.plist;
				LD_RUNPATH_SEARCH_PATHS = "$(inherited) @executable_path/../Frameworks @loader_path/../Frameworks";
				PRODUCT_NAME = "$(TARGET_NAME)";
				TEST_HOST = "$(BUILT_PRODUCTS_DIR)/swiftscheme.app/Contents/MacOS/swiftscheme";
			};
			name = Debug;
		};
		7364242B1B0588BC002311A5 /* Release */ = {
			isa = XCBuildConfiguration;
			buildSettings = {
				BUNDLE_LOADER = "$(TEST_HOST)";
				COMBINE_HIDPI_IMAGES = YES;
				FRAMEWORK_SEARCH_PATHS = (
					"$(DEVELOPER_FRAMEWORKS_DIR)",
					"$(inherited)",
				);
				INFOPLIST_FILE = swiftschemeTests/Info.plist;
				LD_RUNPATH_SEARCH_PATHS = "$(inherited) @executable_path/../Frameworks @loader_path/../Frameworks";
				PRODUCT_NAME = "$(TARGET_NAME)";
				TEST_HOST = "$(BUILT_PRODUCTS_DIR)/swiftscheme.app/Contents/MacOS/swiftscheme";
			};
			name = Release;
		};
/* End XCBuildConfiguration section */

/* Begin XCConfigurationList section */
		736424051B0588BB002311A5 /* Build configuration list for PBXProject "swiftscheme" */ = {
			isa = XCConfigurationList;
			buildConfigurations = (
				736424241B0588BC002311A5 /* Debug */,
				736424251B0588BC002311A5 /* Release */,
			);
			defaultConfigurationIsVisible = 0;
			defaultConfigurationName = Release;
		};
		736424261B0588BC002311A5 /* Build configuration list for PBXNativeTarget "swiftscheme" */ = {
			isa = XCConfigurationList;
			buildConfigurations = (
				736424271B0588BC002311A5 /* Debug */,
				736424281B0588BC002311A5 /* Release */,
			);
			defaultConfigurationIsVisible = 0;
			defaultConfigurationName = Release;
		};
		736424291B0588BC002311A5 /* Build configuration list for PBXNativeTarget "swiftschemeTests" */ = {
			isa = XCConfigurationList;
			buildConfigurations = (
				7364242A1B0588BC002311A5 /* Debug */,
				7364242B1B0588BC002311A5 /* Release */,
			);
			defaultConfigurationIsVisible = 0;
			defaultConfigurationName = Release;
		};
/* End XCConfigurationList section */
	};
	rootObject = 736424021B0588BB002311A5 /* Project object */;
}
